
Microsoft Visual Studio Solution File, Format Version 12.00
# Visual Studio Version 16
VisualStudioVersion = 16.0.30907.101
MinimumVisualStudioVersion = 10.0.40219.1
Project("{FAE04EC0-301F-11D3-BF4B-00C04F79EFBC}") = "PlanDatabase", "PlanDatabase\PlanDatabase.csproj", "{EE60D951-4073-4CB1-BA0C-2722888B8044}"
EndProject
Global
	GlobalSection(SolutionConfigurationPlatforms) = preSolution
		Debug|Any CPU = Debug|Any CPU
		Release|Any CPU = Release|Any CPU
	EndGlobalSection
	GlobalSection(ProjectConfigurationPlatforms) = postSolution
		{EE60D951-4073-4CB1-BA0C-2722888B8044}.Debug|Any CPU.ActiveCfg = Debug|Any CPU
		{EE60D951-4073-4CB1-BA0C-2722888B8044}.Debug|Any CPU.Build.0 = Debug|Any CPU
		{EE60D951-4073-4CB1-BA0C-2722888B8044}.Release|Any CPU.ActiveCfg = Release|Any CPU
		{EE60D951-4073-4CB1-BA0C-2722888B8044}.Release|Any CPU.Build.0 = Release|Any CPU
	EndGlobalSection
	GlobalSection(SolutionProperties) = preSolution
		HideSolutionNode = FALSE
	EndGlobalSection
	GlobalSection(ExtensibilityGlobals) = postSolution
		SolutionGuid = {96157C57-4E3F-4E16-92BA-554C0E3A672D}
	EndGlobalSection
EndGlobal
